// !$*UTF8*$!
{
	archiveVersion = 1;
	classes = {
	};
	objectVersion = 46;
	objects = {

/* Begin PBXBuildFile section */
		4FAA9FEB1A685EA300A4E93B /* faust-quick-reference.pdf in Resources */ = {isa = PBXBuildFile; fileRef = 4B179CE6160C7230004418BF /* faust-quick-reference.pdf */; };
		4FAA9FEC1A685EA300A4E93B /* effect.lib in Resources */ = {isa = PBXBuildFile; fileRef = 4B3E914516569775006952CC /* effect.lib */; };
		4FAA9FED1A685EA300A4E93B /* filter.lib in Resources */ = {isa = PBXBuildFile; fileRef = 4B3E914616569775006952CC /* filter.lib */; };
		4FAA9FEE1A685EA300A4E93B /* math.lib in Resources */ = {isa = PBXBuildFile; fileRef = 4B3E914716569775006952CC /* math.lib */; };
		4FAA9FEF1A685EA300A4E93B /* maxmsp.lib in Resources */ = {isa = PBXBuildFile; fileRef = 4B3E914816569775006952CC /* maxmsp.lib */; };
		4FAA9FF01A685EA300A4E93B /* music.lib in Resources */ = {isa = PBXBuildFile; fileRef = 4B3E914916569775006952CC /* music.lib */; };
		4FAA9FF11A685EA300A4E93B /* oscillator.lib in Resources */ = {isa = PBXBuildFile; fileRef = 4B3E914A16569775006952CC /* oscillator.lib */; };
		4FAA9FF21A685EA300A4E93B /* reduce.lib in Resources */ = {isa = PBXBuildFile; fileRef = 4B3E914B16569775006952CC /* reduce.lib */; };
		4FAA9FF41A685EA300A4E93B /* faustgen~.cpp in Sources */ = {isa = PBXBuildFile; fileRef = 5BCA75A0156D13B200C3299A /* faustgen~.cpp */; };
		4FAA9FF51A685EA300A4E93B /* base64.cpp in Sources */ = {isa = PBXBuildFile; fileRef = 4BE5E41415F1569F00AFD014 /* base64.cpp */; };
		4FAAA0081A687C6500A4E93B /* CoreFoundation.framework in Frameworks */ = {isa = PBXBuildFile; fileRef = 4B5A392915F3B05B007317F4 /* CoreFoundation.framework */; };
		4FAAA00A1A687C7E00A4E93B /* MaxAudioAPI.framework in Frameworks */ = {isa = PBXBuildFile; fileRef = 4FAAA0091A687C7E00A4E93B /* MaxAudioAPI.framework */; };
/* End PBXBuildFile section */

/* Begin PBXFileReference section */
		4B179CE6160C7230004418BF /* faust-quick-reference.pdf */ = {isa = PBXFileReference; lastKnownFileType = image.pdf; name = "faust-quick-reference.pdf"; path = "../../documentation/faust-quick-reference.pdf"; sourceTree = SOURCE_ROOT; };
		4B3E914516569775006952CC /* effect.lib */ = {isa = PBXFileReference; fileEncoding = 4; lastKnownFileType = text; name = effect.lib; path = ../../architecture/effect.lib; sourceTree = SOURCE_ROOT; };
		4B3E914616569775006952CC /* filter.lib */ = {isa = PBXFileReference; fileEncoding = 4; lastKnownFileType = text; name = filter.lib; path = ../../architecture/filter.lib; sourceTree = SOURCE_ROOT; };
		4B3E914716569775006952CC /* math.lib */ = {isa = PBXFileReference; fileEncoding = 4; lastKnownFileType = text; name = math.lib; path = ../../architecture/math.lib; sourceTree = SOURCE_ROOT; };
		4B3E914816569775006952CC /* maxmsp.lib */ = {isa = PBXFileReference; fileEncoding = 4; lastKnownFileType = text; name = maxmsp.lib; path = ../../architecture/maxmsp.lib; sourceTree = SOURCE_ROOT; };
		4B3E914916569775006952CC /* music.lib */ = {isa = PBXFileReference; fileEncoding = 4; lastKnownFileType = text; name = music.lib; path = ../../architecture/music.lib; sourceTree = SOURCE_ROOT; };
		4B3E914A16569775006952CC /* oscillator.lib */ = {isa = PBXFileReference; fileEncoding = 4; lastKnownFileType = text; name = oscillator.lib; path = ../../architecture/oscillator.lib; sourceTree = SOURCE_ROOT; };
		4B3E914B16569775006952CC /* reduce.lib */ = {isa = PBXFileReference; fileEncoding = 4; lastKnownFileType = text; name = reduce.lib; path = ../../architecture/reduce.lib; sourceTree = SOURCE_ROOT; };
		4B5A392915F3B05B007317F4 /* CoreFoundation.framework */ = {isa = PBXFileReference; lastKnownFileType = wrapper.framework; name = CoreFoundation.framework; path = System/Library/Frameworks/CoreFoundation.framework; sourceTree = SDKROOT; };
		4B5A3C4A15F4042D007317F4 /* maxcpp5.h */ = {isa = PBXFileReference; fileEncoding = 4; lastKnownFileType = sourcecode.c.h; name = maxcpp5.h; path = src/maxcpp5.h; sourceTree = "<group>"; };
		4B5A3C4B15F4042D007317F4 /* mspUI.h */ = {isa = PBXFileReference; fileEncoding = 4; lastKnownFileType = sourcecode.c.h; name = mspUI.h; path = src/mspUI.h; sourceTree = "<group>"; };
		4BE5E41415F1569F00AFD014 /* base64.cpp */ = {isa = PBXFileReference; fileEncoding = 4; lastKnownFileType = sourcecode.cpp.cpp; name = base64.cpp; path = src/base64.cpp; sourceTree = "<group>"; };
		4BE5E41515F1569F00AFD014 /* base64.h */ = {isa = PBXFileReference; fileEncoding = 4; lastKnownFileType = sourcecode.c.h; name = base64.h; path = src/base64.h; sourceTree = "<group>"; };
		4FAA9FFE1A685EA300A4E93B /* faustgen~.mxo */ = {isa = PBXFileReference; explicitFileType = wrapper.cfbundle; includeInIndex = 0; path = "faustgen~.mxo"; sourceTree = BUILT_PRODUCTS_DIR; };
		4FAAA0001A686D6B00A4E93B /* faustgen.xcconfig */ = {isa = PBXFileReference; lastKnownFileType = text.xcconfig; path = faustgen.xcconfig; sourceTree = "<group>"; wrapsLines = 0; };
		4FAAA0011A6871EF00A4E93B /* Info.plist */ = {isa = PBXFileReference; lastKnownFileType = text.plist.xml; path = Info.plist; sourceTree = "<group>"; };
		4FAAA0091A687C7E00A4E93B /* MaxAudioAPI.framework */ = {isa = PBXFileReference; lastKnownFileType = wrapper.framework; name = MaxAudioAPI.framework; path = "../../../../SDKs/Cycling74/6.1.4/c74support/msp-includes/MaxAudioAPI.framework"; sourceTree = SOURCE_ROOT; };
		5BCA75A0156D13B200C3299A /* faustgen~.cpp */ = {isa = PBXFileReference; fileEncoding = 4; lastKnownFileType = sourcecode.cpp.cpp; name = "faustgen~.cpp"; path = "src/faustgen~.cpp"; sourceTree = "<group>"; };
		5BCA75A3156D13BC00C3299A /* faustgen~.h */ = {isa = PBXFileReference; fileEncoding = 4; lastKnownFileType = sourcecode.c.h; name = "faustgen~.h"; path = "src/faustgen~.h"; sourceTree = "<group>"; };
/* End PBXFileReference section */

/* Begin PBXFrameworksBuildPhase section */
		4FAA9FF61A685EA300A4E93B /* Frameworks */ = {
			isa = PBXFrameworksBuildPhase;
			buildActionMask = 2147483647;
			files = (
				4FAAA00A1A687C7E00A4E93B /* MaxAudioAPI.framework in Frameworks */,
				4FAAA0081A687C6500A4E93B /* CoreFoundation.framework in Frameworks */,
			);
			runOnlyForDeploymentPostprocessing = 0;
		};
/* End PBXFrameworksBuildPhase section */

/* Begin PBXGroup section */
		089C166AFE841209C02AAC07 /* iterator */ = {
			isa = PBXGroup;
			children = (
				4FAAA0001A686D6B00A4E93B /* faustgen.xcconfig */,
				08FB77ADFE841716C02AAC07 /* Source */,
				4F61B78A1A69110400328C67 /* Resources */,
				089C1671FE841209C02AAC07 /* External Frameworks and Libraries */,
				19C28FB4FE9D528D11CA2CBB /* Products */,
			);
			name = iterator;
			sourceTree = "<group>";
		};
		089C1671FE841209C02AAC07 /* External Frameworks and Libraries */ = {
			isa = PBXGroup;
			children = (
				4FAAA0091A687C7E00A4E93B /* MaxAudioAPI.framework */,
				4B5A392915F3B05B007317F4 /* CoreFoundation.framework */,
			);
			name = "External Frameworks and Libraries";
			sourceTree = "<group>";
		};
		08FB77ADFE841716C02AAC07 /* Source */ = {
			isa = PBXGroup;
			children = (
				4B5A3C4A15F4042D007317F4 /* maxcpp5.h */,
				4B5A3C4B15F4042D007317F4 /* mspUI.h */,
				4BE5E41415F1569F00AFD014 /* base64.cpp */,
				4BE5E41515F1569F00AFD014 /* base64.h */,
				5BCA75A0156D13B200C3299A /* faustgen~.cpp */,
				5BCA75A3156D13BC00C3299A /* faustgen~.h */,
			);
			name = Source;
			sourceTree = "<group>";
		};
		19C28FB4FE9D528D11CA2CBB /* Products */ = {
			isa = PBXGroup;
			children = (
				4FAA9FFE1A685EA300A4E93B /* faustgen~.mxo */,
			);
			name = Products;
			sourceTree = "<group>";
		};
		4F61B78A1A69110400328C67 /* Resources */ = {
			isa = PBXGroup;
			children = (
				4FAAA0011A6871EF00A4E93B /* Info.plist */,
				4B3E914516569775006952CC /* effect.lib */,
				4B3E914616569775006952CC /* filter.lib */,
				4B3E914716569775006952CC /* math.lib */,
				4B3E914816569775006952CC /* maxmsp.lib */,
				4B3E914916569775006952CC /* music.lib */,
				4B3E914A16569775006952CC /* oscillator.lib */,
				4B3E914B16569775006952CC /* reduce.lib */,
				4B179CE6160C7230004418BF /* faust-quick-reference.pdf */,
			);
			name = Resources;
			sourceTree = "<group>";
		};
/* End PBXGroup section */

/* Begin PBXNativeTarget section */
		4FAA9FE91A685EA300A4E93B /* faustgen~ */ = {
			isa = PBXNativeTarget;
			buildConfigurationList = 4FAA9FFB1A685EA300A4E93B /* Build configuration list for PBXNativeTarget "faustgen~" */;
			buildPhases = (
				4FAA9FEA1A685EA300A4E93B /* Resources */,
				4FAA9FF31A685EA300A4E93B /* Sources */,
				4FAA9FF61A685EA300A4E93B /* Frameworks */,
				4FAA9FFA1A685EA300A4E93B /* Rez */,
			);
			buildRules = (
			);
			dependencies = (
			);
			name = "faustgen~";
			productName = iterator;
			productReference = 4FAA9FFE1A685EA300A4E93B /* faustgen~.mxo */;
			productType = "com.apple.product-type.bundle";
		};
/* End PBXNativeTarget section */

/* Begin PBXProject section */
		089C1669FE841209C02AAC07 /* Project object */ = {
			isa = PBXProject;
			attributes = {
				LastUpgradeCheck = 0610;
			};
			buildConfigurationList = 2FBBEACF08F335010078DB84 /* Build configuration list for PBXProject "faustgen" */;
			compatibilityVersion = "Xcode 3.2";
			developmentRegion = English;
			hasScannedForEncodings = 1;
			knownRegions = (
				en,
			);
			mainGroup = 089C166AFE841209C02AAC07 /* iterator */;
			projectDirPath = "";
			projectRoot = "";
			targets = (
				4FAA9FE91A685EA300A4E93B /* faustgen~ */,
			);
		};
/* End PBXProject section */

/* Begin PBXResourcesBuildPhase section */
		4FAA9FEA1A685EA300A4E93B /* Resources */ = {
			isa = PBXResourcesBuildPhase;
			buildActionMask = 2147483647;
			files = (
				4FAA9FEB1A685EA300A4E93B /* faust-quick-reference.pdf in Resources */,
				4FAA9FEC1A685EA300A4E93B /* effect.lib in Resources */,
				4FAA9FED1A685EA300A4E93B /* filter.lib in Resources */,
				4FAA9FEE1A685EA300A4E93B /* math.lib in Resources */,
				4FAA9FEF1A685EA300A4E93B /* maxmsp.lib in Resources */,
				4FAA9FF01A685EA300A4E93B /* music.lib in Resources */,
				4FAA9FF11A685EA300A4E93B /* oscillator.lib in Resources */,
				4FAA9FF21A685EA300A4E93B /* reduce.lib in Resources */,
			);
			runOnlyForDeploymentPostprocessing = 0;
		};
/* End PBXResourcesBuildPhase section */

/* Begin PBXRezBuildPhase section */
		4FAA9FFA1A685EA300A4E93B /* Rez */ = {
			isa = PBXRezBuildPhase;
			buildActionMask = 2147483647;
			files = (
			);
			runOnlyForDeploymentPostprocessing = 0;
		};
/* End PBXRezBuildPhase section */

/* Begin PBXSourcesBuildPhase section */
		4FAA9FF31A685EA300A4E93B /* Sources */ = {
			isa = PBXSourcesBuildPhase;
			buildActionMask = 2147483647;
			files = (
				4FAA9FF41A685EA300A4E93B /* faustgen~.cpp in Sources */,
				4FAA9FF51A685EA300A4E93B /* base64.cpp in Sources */,
			);
			runOnlyForDeploymentPostprocessing = 0;
		};
/* End PBXSourcesBuildPhase section */

/* Begin XCBuildConfiguration section */
		2FBBEAD008F335010078DB84 /* Debug */ = {
			isa = XCBuildConfiguration;
			baseConfigurationReference = 4FAAA0001A686D6B00A4E93B /* faustgen.xcconfig */;
			buildSettings = {
				DEPLOYMENT_LOCATION = YES;
				DSTROOT = /;
				INFOPLIST_FILE = Info.plist;
				SYMROOT = "build-mac";
				WRAPPER_EXTENSION = "";
			};
			name = Debug;
		};
		2FBBEAD108F335010078DB84 /* Release */ = {
			isa = XCBuildConfiguration;
			baseConfigurationReference = 4FAAA0001A686D6B00A4E93B /* faustgen.xcconfig */;
			buildSettings = {
				DEPLOYMENT_LOCATION = YES;
				DSTROOT = /;
				INFOPLIST_FILE = Info.plist;
				SYMROOT = "build-mac";
				WRAPPER_EXTENSION = "";
			};
			name = Release;
		};
		4FAA9FFC1A685EA300A4E93B /* Debug */ = {
			isa = XCBuildConfiguration;
			buildSettings = {
				COPY_PHASE_STRIP = NO;
				EXECUTABLE_SUFFIX = "";
				FRAMEWORK_SEARCH_PATHS = (
					"$(inherited)",
					"/Users/oli/Dev/SDKs/Cycling74/6.1.4/c74support/msp-includes",
				);
				GCC_ENABLE_CPP_EXCEPTIONS = NO;
				GCC_ENABLE_CPP_RTTI = YES;
				GCC_OPTIMIZATION_LEVEL = 0;
				GCC_PRECOMPILE_PREFIX_HEADER = YES;
				GCC_PREFIX_HEADER = "/Users/oli/Dev/SDKs/Cycling74/6.1.4/c74support/max-includes/macho-prefix.pch";
				WRAPPER_EXTENSION = mxo;
			};
			name = Debug;
		};
		4FAA9FFD1A685EA300A4E93B /* Release */ = {
			isa = XCBuildConfiguration;
			buildSettings = {
				COPY_PHASE_STRIP = YES;
				DEAD_CODE_STRIPPING = YES;
				EXECUTABLE_SUFFIX = "";
				FRAMEWORK_SEARCH_PATHS = (
					"$(inherited)",
					"/Users/oli/Dev/SDKs/Cycling74/6.1.4/c74support/msp-includes",
				);
				GCC_ENABLE_CPP_EXCEPTIONS = NO;
				GCC_ENABLE_CPP_RTTI = YES;
				GCC_ENABLE_SSE3_EXTENSIONS = YES;
				GCC_ENABLE_SSE41_EXTENSIONS = YES;
				GCC_ENABLE_SSE42_EXTENSIONS = YES;
				GCC_OPTIMIZATION_LEVEL = 3;
				GCC_PRECOMPILE_PREFIX_HEADER = YES;
				GCC_PREFIX_HEADER = "/Users/oli/Dev/SDKs/Cycling74/6.1.4/c74support/max-includes/macho-prefix.pch";
				WRAPPER_EXTENSION = mxo;
			};
			name = Release;
		};
/* End XCBuildConfiguration section */

/* Begin XCConfigurationList section */
		2FBBEACF08F335010078DB84 /* Build configuration list for PBXProject "faustgen" */ = {
			isa = XCConfigurationList;
			buildConfigurations = (
				2FBBEAD008F335010078DB84 /* Debug */,
				2FBBEAD108F335010078DB84 /* Release */,
			);
			defaultConfigurationIsVisible = 0;
			defaultConfigurationName = Debug;
		};
		4FAA9FFB1A685EA300A4E93B /* Build configuration list for PBXNativeTarget "faustgen~" */ = {
			isa = XCConfigurationList;
			buildConfigurations = (
				4FAA9FFC1A685EA300A4E93B /* Debug */,
				4FAA9FFD1A685EA300A4E93B /* Release */,
			);
			defaultConfigurationIsVisible = 0;
			defaultConfigurationName = Debug;
		};
/* End XCConfigurationList section */
	};
	rootObject = 089C1669FE841209C02AAC07 /* Project object */;
}
